
Microsoft Visual Studio Solution File, Format Version 12.00
# Visual Studio Version 17
VisualStudioVersion = 17.10.35122.118
MinimumVisualStudioVersion = 10.0.40219.1
Project("{FAE04EC0-301F-11D3-BF4B-00C04F79EFBC}") = "CurrencyConverter", "CurrencyConverter\CurrencyConverter.csproj", "{E10642E5-BE62-4AF3-83A5-3613BE2495A6}"
EndProject
Global
	GlobalSection(SolutionConfigurationPlatforms) = preSolution
		Debug|Any CPU = Debug|Any CPU
		Release|Any CPU = Release|Any CPU
	EndGlobalSection
	GlobalSection(ProjectConfigurationPlatforms) = postSolution
		{E10642E5-BE62-4AF3-83A5-3613BE2495A6}.Debug|Any CPU.ActiveCfg = Debug|Any CPU
		{E10642E5-BE62-4AF3-83A5-3613BE2495A6}.Debug|Any CPU.Build.0 = Debug|Any CPU
		{E10642E5-BE62-4AF3-83A5-3613BE2495A6}.Release|Any CPU.ActiveCfg = Release|Any CPU
		{E10642E5-BE62-4AF3-83A5-3613BE2495A6}.Release|Any CPU.Build.0 = Release|Any CPU
	EndGlobalSection
	GlobalSection(SolutionProperties) = preSolution
		HideSolutionNode = FALSE
	EndGlobalSection
	GlobalSection(ExtensibilityGlobals) = postSolution
		SolutionGuid = {E6E36858-0CAC-4882-83C4-921C0493C07A}
	EndGlobalSection
EndGlobal
